
Microsoft Visual Studio Solution File, Format Version 12.00
# Visual Studio Version 17
VisualStudioVersion = 17.4.33213.308
MinimumVisualStudioVersion = 10.0.40219.1
Project("{FAE04EC0-301F-11D3-BF4B-00C04F79EFBC}") = "arr_linq_bsc", "arr_linq_bsc.csproj", "{0FCCC87A-BBA6-48E7-AAC1-4F85014397E1}"
EndProject
Global
	GlobalSection(SolutionConfigurationPlatforms) = preSolution
		Debug|Any CPU = Debug|Any CPU
		Release|Any CPU = Release|Any CPU
	EndGlobalSection
	GlobalSection(ProjectConfigurationPlatforms) = postSolution
		{0FCCC87A-BBA6-48E7-AAC1-4F85014397E1}.Debug|Any CPU.ActiveCfg = Debug|Any CPU
		{0FCCC87A-BBA6-48E7-AAC1-4F85014397E1}.Debug|Any CPU.Build.0 = Debug|Any CPU
		{0FCCC87A-BBA6-48E7-AAC1-4F85014397E1}.Release|Any CPU.ActiveCfg = Release|Any CPU
		{0FCCC87A-BBA6-48E7-AAC1-4F85014397E1}.Release|Any CPU.Build.0 = Release|Any CPU
	EndGlobalSection
	GlobalSection(SolutionProperties) = preSolution
		HideSolutionNode = FALSE
	EndGlobalSection
	GlobalSection(ExtensibilityGlobals) = postSolution
		SolutionGuid = {68AD8877-A543-495C-9CF5-95AD599B747F}
	EndGlobalSection
EndGlobal
