
Microsoft Visual Studio Solution File, Format Version 12.00
# Visual Studio Version 17
VisualStudioVersion = 17.13.35818.85 d17.13
MinimumVisualStudioVersion = 10.0.40219.1
Project("{FAE04EC0-301F-11D3-BF4B-00C04F79EFBC}") = "CSharpObjectOP", "CSharpObjectOP.csproj", "{206722C3-2EC7-4AA0-9426-A3CA42966F70}"
EndProject
Global
	GlobalSection(SolutionConfigurationPlatforms) = preSolution
		Debug|Any CPU = Debug|Any CPU
		Release|Any CPU = Release|Any CPU
	EndGlobalSection
	GlobalSection(ProjectConfigurationPlatforms) = postSolution
		{206722C3-2EC7-4AA0-9426-A3CA42966F70}.Debug|Any CPU.ActiveCfg = Debug|Any CPU
		{206722C3-2EC7-4AA0-9426-A3CA42966F70}.Debug|Any CPU.Build.0 = Debug|Any CPU
		{206722C3-2EC7-4AA0-9426-A3CA42966F70}.Release|Any CPU.ActiveCfg = Release|Any CPU
		{206722C3-2EC7-4AA0-9426-A3CA42966F70}.Release|Any CPU.Build.0 = Release|Any CPU
	EndGlobalSection
	GlobalSection(SolutionProperties) = preSolution
		HideSolutionNode = FALSE
	EndGlobalSection
	GlobalSection(ExtensibilityGlobals) = postSolution
		SolutionGuid = {EA8B21A7-7328-4CA3-AC35-4F3C2BA45F46}
	EndGlobalSection
EndGlobal
