
Microsoft Visual Studio Solution File, Format Version 12.00
# Visual Studio Version 17
VisualStudioVersion = 17.7.34221.43
MinimumVisualStudioVersion = 10.0.40219.1
Project("{FAE04EC0-301F-11D3-BF4B-00C04F79EFBC}") = "CodeCompare", "CodeCompare\CodeCompare.csproj", "{AE91A60A-1F8B-449D-841B-1BF37FAF07E7}"
EndProject
Project("{F184B08F-C81C-45F6-A57F-5ABD9991F28F}") = "VBLib", "VBLib\VBLib.vbproj", "{8B3674FF-CBE7-4DC9-B59B-B23E7C9763C6}"
EndProject
Project("{FAE04EC0-301F-11D3-BF4B-00C04F79EFBC}") = "CSharpLib", "CSharpLib\CSharpLib.csproj", "{5573D3A5-C1C3-4979-AF45-F9254C927E27}"
EndProject
Global
	GlobalSection(SolutionConfigurationPlatforms) = preSolution
		Debug|Any CPU = Debug|Any CPU
		Release|Any CPU = Release|Any CPU
	EndGlobalSection
	GlobalSection(ProjectConfigurationPlatforms) = postSolution
		{AE91A60A-1F8B-449D-841B-1BF37FAF07E7}.Debug|Any CPU.ActiveCfg = Debug|Any CPU
		{AE91A60A-1F8B-449D-841B-1BF37FAF07E7}.Debug|Any CPU.Build.0 = Debug|Any CPU
		{AE91A60A-1F8B-449D-841B-1BF37FAF07E7}.Release|Any CPU.ActiveCfg = Release|Any CPU
		{AE91A60A-1F8B-449D-841B-1BF37FAF07E7}.Release|Any CPU.Build.0 = Release|Any CPU
		{8B3674FF-CBE7-4DC9-B59B-B23E7C9763C6}.Debug|Any CPU.ActiveCfg = Debug|Any CPU
		{8B3674FF-CBE7-4DC9-B59B-B23E7C9763C6}.Debug|Any CPU.Build.0 = Debug|Any CPU
		{8B3674FF-CBE7-4DC9-B59B-B23E7C9763C6}.Release|Any CPU.ActiveCfg = Release|Any CPU
		{8B3674FF-CBE7-4DC9-B59B-B23E7C9763C6}.Release|Any CPU.Build.0 = Release|Any CPU
		{5573D3A5-C1C3-4979-AF45-F9254C927E27}.Debug|Any CPU.ActiveCfg = Debug|Any CPU
		{5573D3A5-C1C3-4979-AF45-F9254C927E27}.Debug|Any CPU.Build.0 = Debug|Any CPU
		{5573D3A5-C1C3-4979-AF45-F9254C927E27}.Release|Any CPU.ActiveCfg = Release|Any CPU
		{5573D3A5-C1C3-4979-AF45-F9254C927E27}.Release|Any CPU.Build.0 = Release|Any CPU
	EndGlobalSection
	GlobalSection(SolutionProperties) = preSolution
		HideSolutionNode = FALSE
	EndGlobalSection
	GlobalSection(ExtensibilityGlobals) = postSolution
		SolutionGuid = {38D1C9AD-DE81-4A40-867D-2A3F3EE35141}
	EndGlobalSection
EndGlobal
