
Microsoft Visual Studio Solution File, Format Version 12.00
# Visual Studio Version 17
VisualStudioVersion = 17.4.33213.308
MinimumVisualStudioVersion = 10.0.40219.1
Project("{FAE04EC0-301F-11D3-BF4B-00C04F79EFBC}") = "array_dasar", "array_dasar\array_dasar.csproj", "{35DC4D49-14F6-4A6D-A51D-5A408A201021}"
EndProject
Global
	GlobalSection(SolutionConfigurationPlatforms) = preSolution
		Debug|Any CPU = Debug|Any CPU
		Release|Any CPU = Release|Any CPU
	EndGlobalSection
	GlobalSection(ProjectConfigurationPlatforms) = postSolution
		{35DC4D49-14F6-4A6D-A51D-5A408A201021}.Debug|Any CPU.ActiveCfg = Debug|Any CPU
		{35DC4D49-14F6-4A6D-A51D-5A408A201021}.Debug|Any CPU.Build.0 = Debug|Any CPU
		{35DC4D49-14F6-4A6D-A51D-5A408A201021}.Release|Any CPU.ActiveCfg = Release|Any CPU
		{35DC4D49-14F6-4A6D-A51D-5A408A201021}.Release|Any CPU.Build.0 = Release|Any CPU
	EndGlobalSection
	GlobalSection(SolutionProperties) = preSolution
		HideSolutionNode = FALSE
	EndGlobalSection
	GlobalSection(ExtensibilityGlobals) = postSolution
		SolutionGuid = {D9BA7A1D-55D7-4107-B4C2-E0B78E9604F8}
	EndGlobalSection
EndGlobal
